
Microsoft Visual Studio Solution File, Format Version 12.00
# Visual Studio Version 16
VisualStudioVersion = 16.0.29926.136
MinimumVisualStudioVersion = 10.0.40219.1
Project("{FAE04EC0-301F-11D3-BF4B-00C04F79EFBC}") = "UserService", "UserService\UserService.csproj", "{9F883445-6BA8-4EE5-90C8-6C441B7A461F}"
EndProject
Project("{FAE04EC0-301F-11D3-BF4B-00C04F79EFBC}") = "APIGateway", "APIGateway\APIGateway.csproj", "{20721C67-FDEA-4021-B5F1-59B32C2ED644}"
EndProject
Global
	GlobalSection(SolutionConfigurationPlatforms) = preSolution
		Debug|Any CPU = Debug|Any CPU
		Release|Any CPU = Release|Any CPU
	EndGlobalSection
	GlobalSection(ProjectConfigurationPlatforms) = postSolution
		{9F883445-6BA8-4EE5-90C8-6C441B7A461F}.Debug|Any CPU.ActiveCfg = Debug|Any CPU
		{9F883445-6BA8-4EE5-90C8-6C441B7A461F}.Debug|Any CPU.Build.0 = Debug|Any CPU
		{9F883445-6BA8-4EE5-90C8-6C441B7A461F}.Release|Any CPU.ActiveCfg = Release|Any CPU
		{9F883445-6BA8-4EE5-90C8-6C441B7A461F}.Release|Any CPU.Build.0 = Release|Any CPU
		{20721C67-FDEA-4021-B5F1-59B32C2ED644}.Debug|Any CPU.ActiveCfg = Debug|Any CPU
		{20721C67-FDEA-4021-B5F1-59B32C2ED644}.Debug|Any CPU.Build.0 = Debug|Any CPU
		{20721C67-FDEA-4021-B5F1-59B32C2ED644}.Release|Any CPU.ActiveCfg = Release|Any CPU
		{20721C67-FDEA-4021-B5F1-59B32C2ED644}.Release|Any CPU.Build.0 = Release|Any CPU
	EndGlobalSection
	GlobalSection(SolutionProperties) = preSolution
		HideSolutionNode = FALSE
	EndGlobalSection
	GlobalSection(ExtensibilityGlobals) = postSolution
		SolutionGuid = {DD29417E-4BB3-4F7F-8F76-78CAF62DA33F}
	EndGlobalSection
EndGlobal
